
Microsoft Visual Studio Solution File, Format Version 12.00
# Visual Studio 15
VisualStudioVersion = 15.0.28307.2017
MinimumVisualStudioVersion = 10.0.40219.1
Project("{FAE04EC0-301F-11D3-BF4B-00C04F79EFBC}") = "Badjao", "Badjao.csproj", "{5E427950-C9EC-4F76-842F-A12396BE3918}"
EndProject
Global
	GlobalSection(SolutionConfigurationPlatforms) = preSolution
		Debug|Any CPU = Debug|Any CPU
		Release|Any CPU = Release|Any CPU
	EndGlobalSection
	GlobalSection(ProjectConfigurationPlatforms) = postSolution
		{5E427950-C9EC-4F76-842F-A12396BE3918}.Debug|Any CPU.ActiveCfg = Debug|Any CPU
		{5E427950-C9EC-4F76-842F-A12396BE3918}.Debug|Any CPU.Build.0 = Debug|Any CPU
		{5E427950-C9EC-4F76-842F-A12396BE3918}.Release|Any CPU.ActiveCfg = Release|Any CPU
		{5E427950-C9EC-4F76-842F-A12396BE3918}.Release|Any CPU.Build.0 = Release|Any CPU
	EndGlobalSection
	GlobalSection(SolutionProperties) = preSolution
		HideSolutionNode = FALSE
	EndGlobalSection
	GlobalSection(ExtensibilityGlobals) = postSolution
		SolutionGuid = {32C4AF7B-6462-455A-A60F-F93AAA59D3F0}
	EndGlobalSection
EndGlobal
